
Microsoft Visual Studio Solution File, Format Version 12.00
# Visual Studio Version 16
VisualStudioVersion = 16.0.31515.178
MinimumVisualStudioVersion = 10.0.40219.1
Project("{888888A0-9F3D-457C-B088-3A5042F75D52}") = "courseprojectphase1", "courseprojectphase1.pyproj", "{02A651D3-6921-49DA-883D-3D9662D48EEE}"
EndProject
Global
	GlobalSection(SolutionConfigurationPlatforms) = preSolution
		Debug|Any CPU = Debug|Any CPU
		Release|Any CPU = Release|Any CPU
	EndGlobalSection
	GlobalSection(ProjectConfigurationPlatforms) = postSolution
		{02A651D3-6921-49DA-883D-3D9662D48EEE}.Debug|Any CPU.ActiveCfg = Debug|Any CPU
		{02A651D3-6921-49DA-883D-3D9662D48EEE}.Release|Any CPU.ActiveCfg = Release|Any CPU
	EndGlobalSection
	GlobalSection(SolutionProperties) = preSolution
		HideSolutionNode = FALSE
	EndGlobalSection
	GlobalSection(ExtensibilityGlobals) = postSolution
		SolutionGuid = {70F731DA-669A-4E83-9575-C4D1AE4BC16F}
	EndGlobalSection
EndGlobal
